
Microsoft Visual Studio Solution File, Format Version 12.00
# Visual Studio 15
Project("{FAE04EC0-301F-11D3-BF4B-00C04F79EFBC}") = "pe.donbiz.service.webAPI", "pe.donbiz.service.webAPI.csproj", "{91001FA0-0C0C-4513-BFA4-2E9DDA2A11CB}"
EndProject
Global
	GlobalSection(SolutionConfigurationPlatforms) = preSolution
		Debug|Any CPU = Debug|Any CPU
		Release|Any CPU = Release|Any CPU
	EndGlobalSection
	GlobalSection(ProjectConfigurationPlatforms) = postSolution
		{91001FA0-0C0C-4513-BFA4-2E9DDA2A11CB}.Debug|Any CPU.ActiveCfg = Debug|Any CPU
		{91001FA0-0C0C-4513-BFA4-2E9DDA2A11CB}.Debug|Any CPU.Build.0 = Debug|Any CPU
		{91001FA0-0C0C-4513-BFA4-2E9DDA2A11CB}.Release|Any CPU.ActiveCfg = Release|Any CPU
		{91001FA0-0C0C-4513-BFA4-2E9DDA2A11CB}.Release|Any CPU.Build.0 = Release|Any CPU
	EndGlobalSection
EndGlobal
